
Microsoft Visual Studio Solution File, Format Version 12.00
# Visual Studio Version 16
VisualStudioVersion = 16.0.31624.102
MinimumVisualStudioVersion = 10.0.40219.1
Project("{FAE04EC0-301F-11D3-BF4B-00C04F79EFBC}") = "RoundGauge", "RoundGauge\RoundGauge.csproj", "{9CE510DE-E842-4D47-8A60-87DB28BC4594}"
EndProject
Global
	GlobalSection(SolutionConfigurationPlatforms) = preSolution
		Debug|Any CPU = Debug|Any CPU
		Release|Any CPU = Release|Any CPU
	EndGlobalSection
	GlobalSection(ProjectConfigurationPlatforms) = postSolution
		{9CE510DE-E842-4D47-8A60-87DB28BC4594}.Debug|Any CPU.ActiveCfg = Debug|Any CPU
		{9CE510DE-E842-4D47-8A60-87DB28BC4594}.Debug|Any CPU.Build.0 = Debug|Any CPU
		{9CE510DE-E842-4D47-8A60-87DB28BC4594}.Release|Any CPU.ActiveCfg = Release|Any CPU
		{9CE510DE-E842-4D47-8A60-87DB28BC4594}.Release|Any CPU.Build.0 = Release|Any CPU
	EndGlobalSection
	GlobalSection(SolutionProperties) = preSolution
		HideSolutionNode = FALSE
	EndGlobalSection
	GlobalSection(ExtensibilityGlobals) = postSolution
		SolutionGuid = {D1294F29-1D15-4154-82A7-EDE0D47D78E9}
	EndGlobalSection
EndGlobal
